// !$*UTF8*$!
{
	archiveVersion = 1;
	classes = {
	};
	objectVersion = 56;
	objects = {

/* Begin PBXBuildFile section */
		3A50CB1129D0EC6D0069A6E0 /* DetailHQViewController.swift in Sources */ = {isa = PBXBuildFile; fileRef = 3A50CB1029D0EC6D0069A6E0 /* DetailHQViewController.swift */; };
		3A50CB1329D0EC860069A6E0 /* DetailHQView.swift in Sources */ = {isa = PBXBuildFile; fileRef = 3A50CB1229D0EC860069A6E0 /* DetailHQView.swift */; };
		3A50CB1529D0EC920069A6E0 /* DetailHQViewModel.swift in Sources */ = {isa = PBXBuildFile; fileRef = 3A50CB1429D0EC920069A6E0 /* DetailHQViewModel.swift */; };
		3A563CB329CAA97400A5888A /* AppDelegate.swift in Sources */ = {isa = PBXBuildFile; fileRef = 3A563CB229CAA97400A5888A /* AppDelegate.swift */; };
		3A563CB529CAA97400A5888A /* SceneDelegate.swift in Sources */ = {isa = PBXBuildFile; fileRef = 3A563CB429CAA97400A5888A /* SceneDelegate.swift */; };
		3A563CB729CAA97400A5888A /* ViewController.swift in Sources */ = {isa = PBXBuildFile; fileRef = 3A563CB629CAA97400A5888A /* ViewController.swift */; };
		3A563CBC29CAA97F00A5888A /* Assets.xcassets in Resources */ = {isa = PBXBuildFile; fileRef = 3A563CBB29CAA97F00A5888A /* Assets.xcassets */; };
		3A563CBF29CAA97F00A5888A /* LaunchScreen.storyboard in Resources */ = {isa = PBXBuildFile; fileRef = 3A563CBD29CAA97F00A5888A /* LaunchScreen.storyboard */; };
		3A563CCA29CAA98100A5888A /* MarvelAppTests.swift in Sources */ = {isa = PBXBuildFile; fileRef = 3A563CC929CAA98100A5888A /* MarvelAppTests.swift */; };
		3A563CD429CAA98200A5888A /* MarvelAppUITests.swift in Sources */ = {isa = PBXBuildFile; fileRef = 3A563CD329CAA98200A5888A /* MarvelAppUITests.swift */; };
		3A563CD629CAA98200A5888A /* MarvelAppUITestsLaunchTests.swift in Sources */ = {isa = PBXBuildFile; fileRef = 3A563CD529CAA98200A5888A /* MarvelAppUITestsLaunchTests.swift */; };
		3A563CE329CAAD6B00A5888A /* MarvelKeys.plist in Resources */ = {isa = PBXBuildFile; fileRef = 3A563CE229CAAD6B00A5888A /* MarvelKeys.plist */; };
		3A563CE529CAAE1000A5888A /* MainCoordinator.swift in Sources */ = {isa = PBXBuildFile; fileRef = 3A563CE429CAAE1000A5888A /* MainCoordinator.swift */; };
		3A563CE729CAAE4700A5888A /* Loading+ViewController.swift in Sources */ = {isa = PBXBuildFile; fileRef = 3A563CE629CAAE4700A5888A /* Loading+ViewController.swift */; };
		3A563CE929CAAE4F00A5888A /* Toast+ViewController.swift in Sources */ = {isa = PBXBuildFile; fileRef = 3A563CE829CAAE4F00A5888A /* Toast+ViewController.swift */; };
		3A563CEB29CAB06100A5888A /* KeysManager.swift in Sources */ = {isa = PBXBuildFile; fileRef = 3A563CEA29CAB06100A5888A /* KeysManager.swift */; };
		3A563CEF29CAB1D500A5888A /* LoginViewController.swift in Sources */ = {isa = PBXBuildFile; fileRef = 3A563CEE29CAB1D500A5888A /* LoginViewController.swift */; };
		3A563CF129CAB1E600A5888A /* LoginView.swift in Sources */ = {isa = PBXBuildFile; fileRef = 3A563CF029CAB1E600A5888A /* LoginView.swift */; };
		3A563CF329CAB1FA00A5888A /* LoginViewModel.swift in Sources */ = {isa = PBXBuildFile; fileRef = 3A563CF229CAB1FA00A5888A /* LoginViewModel.swift */; };
		3A99D02B29CBBEF300E92547 /* Utils.swift in Sources */ = {isa = PBXBuildFile; fileRef = 3A99D02A29CBBEF300E92547 /* Utils.swift */; };
		3A99D02F29CC79F000E92547 /* ListHQsView.swift in Sources */ = {isa = PBXBuildFile; fileRef = 3A99D02E29CC79F000E92547 /* ListHQsView.swift */; };
		3A99D03129CC7A2000E92547 /* ListHQsViewController.swift in Sources */ = {isa = PBXBuildFile; fileRef = 3A99D03029CC7A2000E92547 /* ListHQsViewController.swift */; };
		3A99D03329CC7A4300E92547 /* ListHQsViewModel.swift in Sources */ = {isa = PBXBuildFile; fileRef = 3A99D03229CC7A4300E92547 /* ListHQsViewModel.swift */; };
		3A99D03529CC7A7700E92547 /* ListHQsModel.swift in Sources */ = {isa = PBXBuildFile; fileRef = 3A99D03429CC7A7700E92547 /* ListHQsModel.swift */; };
		3A99D03B29CC986900E92547 /* ListHQsTableViewCell.swift in Sources */ = {isa = PBXBuildFile; fileRef = 3A99D03A29CC986800E92547 /* ListHQsTableViewCell.swift */; };
/* End PBXBuildFile section */

/* Begin PBXContainerItemProxy section */
		3A563CC629CAA98100A5888A /* PBXContainerItemProxy */ = {
			isa = PBXContainerItemProxy;
			containerPortal = 3A563CA729CAA97300A5888A /* Project object */;
			proxyType = 1;
			remoteGlobalIDString = 3A563CAE29CAA97400A5888A;
			remoteInfo = MarvelApp;
		};
		3A563CD029CAA98200A5888A /* PBXContainerItemProxy */ = {
			isa = PBXContainerItemProxy;
			containerPortal = 3A563CA729CAA97300A5888A /* Project object */;
			proxyType = 1;
			remoteGlobalIDString = 3A563CAE29CAA97400A5888A;
			remoteInfo = MarvelApp;
		};
/* End PBXContainerItemProxy section */

/* Begin PBXFileReference section */
		3A50CB1029D0EC6D0069A6E0 /* DetailHQViewController.swift */ = {isa = PBXFileReference; lastKnownFileType = sourcecode.swift; path = DetailHQViewController.swift; sourceTree = "<group>"; };
		3A50CB1229D0EC860069A6E0 /* DetailHQView.swift */ = {isa = PBXFileReference; lastKnownFileType = sourcecode.swift; path = DetailHQView.swift; sourceTree = "<group>"; };
		3A50CB1429D0EC920069A6E0 /* DetailHQViewModel.swift */ = {isa = PBXFileReference; lastKnownFileType = sourcecode.swift; path = DetailHQViewModel.swift; sourceTree = "<group>"; };
		3A563CAF29CAA97400A5888A /* MarvelApp.app */ = {isa = PBXFileReference; explicitFileType = wrapper.application; includeInIndex = 0; path = MarvelApp.app; sourceTree = BUILT_PRODUCTS_DIR; };
		3A563CB229CAA97400A5888A /* AppDelegate.swift */ = {isa = PBXFileReference; lastKnownFileType = sourcecode.swift; path = AppDelegate.swift; sourceTree = "<group>"; };
		3A563CB429CAA97400A5888A /* SceneDelegate.swift */ = {isa = PBXFileReference; lastKnownFileType = sourcecode.swift; path = SceneDelegate.swift; sourceTree = "<group>"; };
		3A563CB629CAA97400A5888A /* ViewController.swift */ = {isa = PBXFileReference; lastKnownFileType = sourcecode.swift; path = ViewController.swift; sourceTree = "<group>"; };
		3A563CBB29CAA97F00A5888A /* Assets.xcassets */ = {isa = PBXFileReference; lastKnownFileType = folder.assetcatalog; path = Assets.xcassets; sourceTree = "<group>"; };
		3A563CBE29CAA97F00A5888A /* Base */ = {isa = PBXFileReference; lastKnownFileType = file.storyboard; name = Base; path = Base.lproj/LaunchScreen.storyboard; sourceTree = "<group>"; };
		3A563CC029CAA97F00A5888A /* Info.plist */ = {isa = PBXFileReference; lastKnownFileType = text.plist.xml; path = Info.plist; sourceTree = "<group>"; };
		3A563CC529CAA98100A5888A /* MarvelAppTests.xctest */ = {isa = PBXFileReference; explicitFileType = wrapper.cfbundle; includeInIndex = 0; path = MarvelAppTests.xctest; sourceTree = BUILT_PRODUCTS_DIR; };
		3A563CC929CAA98100A5888A /* MarvelAppTests.swift */ = {isa = PBXFileReference; lastKnownFileType = sourcecode.swift; path = MarvelAppTests.swift; sourceTree = "<group>"; };
		3A563CCF29CAA98200A5888A /* MarvelAppUITests.xctest */ = {isa = PBXFileReference; explicitFileType = wrapper.cfbundle; includeInIndex = 0; path = MarvelAppUITests.xctest; sourceTree = BUILT_PRODUCTS_DIR; };
		3A563CD329CAA98200A5888A /* MarvelAppUITests.swift */ = {isa = PBXFileReference; lastKnownFileType = sourcecode.swift; path = MarvelAppUITests.swift; sourceTree = "<group>"; };
		3A563CD529CAA98200A5888A /* MarvelAppUITestsLaunchTests.swift */ = {isa = PBXFileReference; lastKnownFileType = sourcecode.swift; path = MarvelAppUITestsLaunchTests.swift; sourceTree = "<group>"; };
		3A563CE229CAAD6B00A5888A /* MarvelKeys.plist */ = {isa = PBXFileReference; lastKnownFileType = text.plist.xml; path = MarvelKeys.plist; sourceTree = "<group>"; };
		3A563CE429CAAE1000A5888A /* MainCoordinator.swift */ = {isa = PBXFileReference; lastKnownFileType = sourcecode.swift; path = MainCoordinator.swift; sourceTree = "<group>"; };
		3A563CE629CAAE4700A5888A /* Loading+ViewController.swift */ = {isa = PBXFileReference; fileEncoding = 4; lastKnownFileType = sourcecode.swift; path = "Loading+ViewController.swift"; sourceTree = "<group>"; };
		3A563CE829CAAE4F00A5888A /* Toast+ViewController.swift */ = {isa = PBXFileReference; fileEncoding = 4; lastKnownFileType = sourcecode.swift; path = "Toast+ViewController.swift"; sourceTree = "<group>"; };
		3A563CEA29CAB06100A5888A /* KeysManager.swift */ = {isa = PBXFileReference; lastKnownFileType = sourcecode.swift; path = KeysManager.swift; sourceTree = "<group>"; };
		3A563CEE29CAB1D500A5888A /* LoginViewController.swift */ = {isa = PBXFileReference; lastKnownFileType = sourcecode.swift; path = LoginViewController.swift; sourceTree = "<group>"; };
		3A563CF029CAB1E600A5888A /* LoginView.swift */ = {isa = PBXFileReference; lastKnownFileType = sourcecode.swift; path = LoginView.swift; sourceTree = "<group>"; };
		3A563CF229CAB1FA00A5888A /* LoginViewModel.swift */ = {isa = PBXFileReference; lastKnownFileType = sourcecode.swift; path = LoginViewModel.swift; sourceTree = "<group>"; };
		3A99D02A29CBBEF300E92547 /* Utils.swift */ = {isa = PBXFileReference; lastKnownFileType = sourcecode.swift; path = Utils.swift; sourceTree = "<group>"; };
		3A99D02E29CC79F000E92547 /* ListHQsView.swift */ = {isa = PBXFileReference; lastKnownFileType = sourcecode.swift; path = ListHQsView.swift; sourceTree = "<group>"; };
		3A99D03029CC7A2000E92547 /* ListHQsViewController.swift */ = {isa = PBXFileReference; lastKnownFileType = sourcecode.swift; path = ListHQsViewController.swift; sourceTree = "<group>"; };
		3A99D03229CC7A4300E92547 /* ListHQsViewModel.swift */ = {isa = PBXFileReference; lastKnownFileType = sourcecode.swift; path = ListHQsViewModel.swift; sourceTree = "<group>"; };
		3A99D03429CC7A7700E92547 /* ListHQsModel.swift */ = {isa = PBXFileReference; lastKnownFileType = sourcecode.swift; path = ListHQsModel.swift; sourceTree = "<group>"; };
		3A99D03A29CC986800E92547 /* ListHQsTableViewCell.swift */ = {isa = PBXFileReference; lastKnownFileType = sourcecode.swift; path = ListHQsTableViewCell.swift; sourceTree = "<group>"; };
/* End PBXFileReference section */

/* Begin PBXFrameworksBuildPhase section */
		3A563CAC29CAA97400A5888A /* Frameworks */ = {
			isa = PBXFrameworksBuildPhase;
			buildActionMask = 2147483647;
			files = (
			);
			runOnlyForDeploymentPostprocessing = 0;
		};
		3A563CC229CAA98100A5888A /* Frameworks */ = {
			isa = PBXFrameworksBuildPhase;
			buildActionMask = 2147483647;
			files = (
			);
			runOnlyForDeploymentPostprocessing = 0;
		};
		3A563CCC29CAA98200A5888A /* Frameworks */ = {
			isa = PBXFrameworksBuildPhase;
			buildActionMask = 2147483647;
			files = (
			);
			runOnlyForDeploymentPostprocessing = 0;
		};
/* End PBXFrameworksBuildPhase section */

/* Begin PBXGroup section */
		3A50CB0F29D0EC500069A6E0 /* Detail */ = {
			isa = PBXGroup;
			children = (
				3A50CB1029D0EC6D0069A6E0 /* DetailHQViewController.swift */,
				3A50CB1429D0EC920069A6E0 /* DetailHQViewModel.swift */,
				3A50CB1229D0EC860069A6E0 /* DetailHQView.swift */,
			);
			path = Detail;
			sourceTree = "<group>";
		};
		3A50CB1629D0ECBE0069A6E0 /* Cell */ = {
			isa = PBXGroup;
			children = (
				3A99D03A29CC986800E92547 /* ListHQsTableViewCell.swift */,
			);
			path = Cell;
			sourceTree = "<group>";
		};
		3A563CA629CAA97300A5888A = {
			isa = PBXGroup;
			children = (
				3A563CB129CAA97400A5888A /* MarvelApp */,
				3A563CC829CAA98100A5888A /* MarvelAppTests */,
				3A563CD229CAA98200A5888A /* MarvelAppUITests */,
				3A563CB029CAA97400A5888A /* Products */,
			);
			sourceTree = "<group>";
		};
		3A563CB029CAA97400A5888A /* Products */ = {
			isa = PBXGroup;
			children = (
				3A563CAF29CAA97400A5888A /* MarvelApp.app */,
				3A563CC529CAA98100A5888A /* MarvelAppTests.xctest */,
				3A563CCF29CAA98200A5888A /* MarvelAppUITests.xctest */,
			);
			name = Products;
			sourceTree = "<group>";
		};
		3A563CB129CAA97400A5888A /* MarvelApp */ = {
			isa = PBXGroup;
			children = (
				3A99D02C29CC776D00E92547 /* HQs */,
				3A563CEC29CAB18900A5888A /* Auth */,
				3A563CB229CAA97400A5888A /* AppDelegate.swift */,
				3A563CB429CAA97400A5888A /* SceneDelegate.swift */,
				3A563CB629CAA97400A5888A /* ViewController.swift */,
				3A563CBB29CAA97F00A5888A /* Assets.xcassets */,
				3A563CBD29CAA97F00A5888A /* LaunchScreen.storyboard */,
				3A563CC029CAA97F00A5888A /* Info.plist */,
				3A563CE229CAAD6B00A5888A /* MarvelKeys.plist */,
				3A563CE629CAAE4700A5888A /* Loading+ViewController.swift */,
				3A99D02A29CBBEF300E92547 /* Utils.swift */,
				3A563CE829CAAE4F00A5888A /* Toast+ViewController.swift */,
				3A563CE429CAAE1000A5888A /* MainCoordinator.swift */,
				3A563CEA29CAB06100A5888A /* KeysManager.swift */,
			);
			path = MarvelApp;
			sourceTree = "<group>";
		};
		3A563CC829CAA98100A5888A /* MarvelAppTests */ = {
			isa = PBXGroup;
			children = (
				3A563CC929CAA98100A5888A /* MarvelAppTests.swift */,
			);
			path = MarvelAppTests;
			sourceTree = "<group>";
		};
		3A563CD229CAA98200A5888A /* MarvelAppUITests */ = {
			isa = PBXGroup;
			children = (
				3A563CD329CAA98200A5888A /* MarvelAppUITests.swift */,
				3A563CD529CAA98200A5888A /* MarvelAppUITestsLaunchTests.swift */,
			);
			path = MarvelAppUITests;
			sourceTree = "<group>";
		};
		3A563CEC29CAB18900A5888A /* Auth */ = {
			isa = PBXGroup;
			children = (
				3A563CED29CAB18E00A5888A /* Login */,
			);
			path = Auth;
			sourceTree = "<group>";
		};
		3A563CED29CAB18E00A5888A /* Login */ = {
			isa = PBXGroup;
			children = (
				3A563CEE29CAB1D500A5888A /* LoginViewController.swift */,
				3A563CF029CAB1E600A5888A /* LoginView.swift */,
				3A563CF229CAB1FA00A5888A /* LoginViewModel.swift */,
			);
			path = Login;
			sourceTree = "<group>";
		};
		3A99D02C29CC776D00E92547 /* HQs */ = {
			isa = PBXGroup;
			children = (
				3A50CB0F29D0EC500069A6E0 /* Detail */,
				3A99D02D29CC791E00E92547 /* List */,
			);
			name = HQs;
			path = Auth/HQs;
			sourceTree = "<group>";
		};
		3A99D02D29CC791E00E92547 /* List */ = {
			isa = PBXGroup;
			children = (
				3A99D02E29CC79F000E92547 /* ListHQsView.swift */,
				3A50CB1629D0ECBE0069A6E0 /* Cell */,
				3A99D03029CC7A2000E92547 /* ListHQsViewController.swift */,
				3A99D03429CC7A7700E92547 /* ListHQsModel.swift */,
				3A99D03229CC7A4300E92547 /* ListHQsViewModel.swift */,
			);
			path = List;
			sourceTree = "<group>";
		};
/* End PBXGroup section */

/* Begin PBXNativeTarget section */
		3A563CAE29CAA97400A5888A /* MarvelApp */ = {
			isa = PBXNativeTarget;
			buildConfigurationList = 3A563CD929CAA98200A5888A /* Build configuration list for PBXNativeTarget "MarvelApp" */;
			buildPhases = (
				3A563CAB29CAA97400A5888A /* Sources */,
				3A563CAC29CAA97400A5888A /* Frameworks */,
				3A563CAD29CAA97400A5888A /* Resources */,
			);
			buildRules = (
			);
			dependencies = (
			);
			name = MarvelApp;
			productName = MarvelApp;
			productReference = 3A563CAF29CAA97400A5888A /* MarvelApp.app */;
			productType = "com.apple.product-type.application";
		};
		3A563CC429CAA98100A5888A /* MarvelAppTests */ = {
			isa = PBXNativeTarget;
			buildConfigurationList = 3A563CDC29CAA98200A5888A /* Build configuration list for PBXNativeTarget "MarvelAppTests" */;
			buildPhases = (
				3A563CC129CAA98100A5888A /* Sources */,
				3A563CC229CAA98100A5888A /* Frameworks */,
				3A563CC329CAA98100A5888A /* Resources */,
			);
			buildRules = (
			);
			dependencies = (
				3A563CC729CAA98100A5888A /* PBXTargetDependency */,
			);
			name = MarvelAppTests;
			productName = MarvelAppTests;
			productReference = 3A563CC529CAA98100A5888A /* MarvelAppTests.xctest */;
			productType = "com.apple.product-type.bundle.unit-test";
		};
		3A563CCE29CAA98200A5888A /* MarvelAppUITests */ = {
			isa = PBXNativeTarget;
			buildConfigurationList = 3A563CDF29CAA98200A5888A /* Build configuration list for PBXNativeTarget "MarvelAppUITests" */;
			buildPhases = (
				3A563CCB29CAA98200A5888A /* Sources */,
				3A563CCC29CAA98200A5888A /* Frameworks */,
				3A563CCD29CAA98200A5888A /* Resources */,
			);
			buildRules = (
			);
			dependencies = (
				3A563CD129CAA98200A5888A /* PBXTargetDependency */,
			);
			name = MarvelAppUITests;
			productName = MarvelAppUITests;
			productReference = 3A563CCF29CAA98200A5888A /* MarvelAppUITests.xctest */;
			productType = "com.apple.product-type.bundle.ui-testing";
		};
/* End PBXNativeTarget section */

/* Begin PBXProject section */
		3A563CA729CAA97300A5888A /* Project object */ = {
			isa = PBXProject;
			attributes = {
				BuildIndependentTargetsInParallel = 1;
				LastSwiftUpdateCheck = 1420;
				LastUpgradeCheck = 1420;
				TargetAttributes = {
					3A563CAE29CAA97400A5888A = {
						CreatedOnToolsVersion = 14.2;
					};
					3A563CC429CAA98100A5888A = {
						CreatedOnToolsVersion = 14.2;
						TestTargetID = 3A563CAE29CAA97400A5888A;
					};
					3A563CCE29CAA98200A5888A = {
						CreatedOnToolsVersion = 14.2;
						TestTargetID = 3A563CAE29CAA97400A5888A;
					};
				};
			};
			buildConfigurationList = 3A563CAA29CAA97300A5888A /* Build configuration list for PBXProject "MarvelApp" */;
			compatibilityVersion = "Xcode 14.0";
			developmentRegion = en;
			hasScannedForEncodings = 0;
			knownRegions = (
				en,
				Base,
			);
			mainGroup = 3A563CA629CAA97300A5888A;
			productRefGroup = 3A563CB029CAA97400A5888A /* Products */;
			projectDirPath = "";
			projectRoot = "";
			targets = (
				3A563CAE29CAA97400A5888A /* MarvelApp */,
				3A563CC429CAA98100A5888A /* MarvelAppTests */,
				3A563CCE29CAA98200A5888A /* MarvelAppUITests */,
			);
		};
/* End PBXProject section */

/* Begin PBXResourcesBuildPhase section */
		3A563CAD29CAA97400A5888A /* Resources */ = {
			isa = PBXResourcesBuildPhase;
			buildActionMask = 2147483647;
			files = (
				3A563CBF29CAA97F00A5888A /* LaunchScreen.storyboard in Resources */,
				3A563CE329CAAD6B00A5888A /* MarvelKeys.plist in Resources */,
				3A563CBC29CAA97F00A5888A /* Assets.xcassets in Resources */,
			);
			runOnlyForDeploymentPostprocessing = 0;
		};
		3A563CC329CAA98100A5888A /* Resources */ = {
			isa = PBXResourcesBuildPhase;
			buildActionMask = 2147483647;
			files = (
			);
			runOnlyForDeploymentPostprocessing = 0;
		};
		3A563CCD29CAA98200A5888A /* Resources */ = {
			isa = PBXResourcesBuildPhase;
			buildActionMask = 2147483647;
			files = (
			);
			runOnlyForDeploymentPostprocessing = 0;
		};
/* End PBXResourcesBuildPhase section */

/* Begin PBXSourcesBuildPhase section */
		3A563CAB29CAA97400A5888A /* Sources */ = {
			isa = PBXSourcesBuildPhase;
			buildActionMask = 2147483647;
			files = (
				3A99D03B29CC986900E92547 /* ListHQsTableViewCell.swift in Sources */,
				3A99D03129CC7A2000E92547 /* ListHQsViewController.swift in Sources */,
				3A563CE929CAAE4F00A5888A /* Toast+ViewController.swift in Sources */,
				3A563CB729CAA97400A5888A /* ViewController.swift in Sources */,
				3A563CEB29CAB06100A5888A /* KeysManager.swift in Sources */,
				3A563CF129CAB1E600A5888A /* LoginView.swift in Sources */,
				3A99D03529CC7A7700E92547 /* ListHQsModel.swift in Sources */,
				3A563CE529CAAE1000A5888A /* MainCoordinator.swift in Sources */,
				3A50CB1329D0EC860069A6E0 /* DetailHQView.swift in Sources */,
				3A563CEF29CAB1D500A5888A /* LoginViewController.swift in Sources */,
				3A99D03329CC7A4300E92547 /* ListHQsViewModel.swift in Sources */,
				3A563CB329CAA97400A5888A /* AppDelegate.swift in Sources */,
				3A99D02F29CC79F000E92547 /* ListHQsView.swift in Sources */,
				3A99D02B29CBBEF300E92547 /* Utils.swift in Sources */,
				3A563CE729CAAE4700A5888A /* Loading+ViewController.swift in Sources */,
				3A50CB1529D0EC920069A6E0 /* DetailHQViewModel.swift in Sources */,
				3A563CF329CAB1FA00A5888A /* LoginViewModel.swift in Sources */,
				3A50CB1129D0EC6D0069A6E0 /* DetailHQViewController.swift in Sources */,
				3A563CB529CAA97400A5888A /* SceneDelegate.swift in Sources */,
			);
			runOnlyForDeploymentPostprocessing = 0;
		};
		3A563CC129CAA98100A5888A /* Sources */ = {
			isa = PBXSourcesBuildPhase;
			buildActionMask = 2147483647;
			files = (
				3A563CCA29CAA98100A5888A /* MarvelAppTests.swift in Sources */,
			);
			runOnlyForDeploymentPostprocessing = 0;
		};
		3A563CCB29CAA98200A5888A /* Sources */ = {
			isa = PBXSourcesBuildPhase;
			buildActionMask = 2147483647;
			files = (
				3A563CD429CAA98200A5888A /* MarvelAppUITests.swift in Sources */,
				3A563CD629CAA98200A5888A /* MarvelAppUITestsLaunchTests.swift in Sources */,
			);
			runOnlyForDeploymentPostprocessing = 0;
		};
/* End PBXSourcesBuildPhase section */

/* Begin PBXTargetDependency section */
		3A563CC729CAA98100A5888A /* PBXTargetDependency */ = {
			isa = PBXTargetDependency;
			target = 3A563CAE29CAA97400A5888A /* MarvelApp */;
			targetProxy = 3A563CC629CAA98100A5888A /* PBXContainerItemProxy */;
		};
		3A563CD129CAA98200A5888A /* PBXTargetDependency */ = {
			isa = PBXTargetDependency;
			target = 3A563CAE29CAA97400A5888A /* MarvelApp */;
			targetProxy = 3A563CD029CAA98200A5888A /* PBXContainerItemProxy */;
		};
/* End PBXTargetDependency section */

/* Begin PBXVariantGroup section */
		3A563CBD29CAA97F00A5888A /* LaunchScreen.storyboard */ = {
			isa = PBXVariantGroup;
			children = (
				3A563CBE29CAA97F00A5888A /* Base */,
			);
			name = LaunchScreen.storyboard;
			sourceTree = "<group>";
		};
/* End PBXVariantGroup section */

/* Begin XCBuildConfiguration section */
		3A563CD729CAA98200A5888A /* Debug */ = {
			isa = XCBuildConfiguration;
			buildSettings = {
				ALWAYS_SEARCH_USER_PATHS = NO;
				CLANG_ANALYZER_NONNULL = YES;
				CLANG_ANALYZER_NUMBER_OBJECT_CONVERSION = YES_AGGRESSIVE;
				CLANG_CXX_LANGUAGE_STANDARD = "gnu++20";
				CLANG_ENABLE_MODULES = YES;
				CLANG_ENABLE_OBJC_ARC = YES;
				CLANG_ENABLE_OBJC_WEAK = YES;
				CLANG_WARN_BLOCK_CAPTURE_AUTORELEASING = YES;
				CLANG_WARN_BOOL_CONVERSION = YES;
				CLANG_WARN_COMMA = YES;
				CLANG_WARN_CONSTANT_CONVERSION = YES;
				CLANG_WARN_DEPRECATED_OBJC_IMPLEMENTATIONS = YES;
				CLANG_WARN_DIRECT_OBJC_ISA_USAGE = YES_ERROR;
				CLANG_WARN_DOCUMENTATION_COMMENTS = YES;
				CLANG_WARN_EMPTY_BODY = YES;
				CLANG_WARN_ENUM_CONVERSION = YES;
				CLANG_WARN_INFINITE_RECURSION = YES;
				CLANG_WARN_INT_CONVERSION = YES;
				CLANG_WARN_NON_LITERAL_NULL_CONVERSION = YES;
				CLANG_WARN_OBJC_IMPLICIT_RETAIN_SELF = YES;
				CLANG_WARN_OBJC_LITERAL_CONVERSION = YES;
				CLANG_WARN_OBJC_ROOT_CLASS = YES_ERROR;
				CLANG_WARN_QUOTED_INCLUDE_IN_FRAMEWORK_HEADER = YES;
				CLANG_WARN_RANGE_LOOP_ANALYSIS = YES;
				CLANG_WARN_STRICT_PROTOTYPES = YES;
				CLANG_WARN_SUSPICIOUS_MOVE = YES;
				CLANG_WARN_UNGUARDED_AVAILABILITY = YES_AGGRESSIVE;
				CLANG_WARN_UNREACHABLE_CODE = YES;
				CLANG_WARN__DUPLICATE_METHOD_MATCH = YES;
				COPY_PHASE_STRIP = NO;
				DEBUG_INFORMATION_FORMAT = dwarf;
				ENABLE_STRICT_OBJC_MSGSEND = YES;
				ENABLE_TESTABILITY = YES;
				GCC_C_LANGUAGE_STANDARD = gnu11;
				GCC_DYNAMIC_NO_PIC = NO;
				GCC_NO_COMMON_BLOCKS = YES;
				GCC_OPTIMIZATION_LEVEL = 0;
				GCC_PREPROCESSOR_DEFINITIONS = (
					"DEBUG=1",
					"$(inherited)",
				);
				GCC_WARN_64_TO_32_BIT_CONVERSION = YES;
				GCC_WARN_ABOUT_RETURN_TYPE = YES_ERROR;
				GCC_WARN_UNDECLARED_SELECTOR = YES;
				GCC_WARN_UNINITIALIZED_AUTOS = YES_AGGRESSIVE;
				GCC_WARN_UNUSED_FUNCTION = YES;
				GCC_WARN_UNUSED_VARIABLE = YES;
				IPHONEOS_DEPLOYMENT_TARGET = 16.2;
				MTL_ENABLE_DEBUG_INFO = INCLUDE_SOURCE;
				MTL_FAST_MATH = YES;
				ONLY_ACTIVE_ARCH = YES;
				SDKROOT = iphoneos;
				SWIFT_ACTIVE_COMPILATION_CONDITIONS = DEBUG;
				SWIFT_OPTIMIZATION_LEVEL = "-Onone";
			};
			name = Debug;
		};
		3A563CD829CAA98200A5888A /* Release */ = {
			isa = XCBuildConfiguration;
			buildSettings = {
				ALWAYS_SEARCH_USER_PATHS = NO;
				CLANG_ANALYZER_NONNULL = YES;
				CLANG_ANALYZER_NUMBER_OBJECT_CONVERSION = YES_AGGRESSIVE;
				CLANG_CXX_LANGUAGE_STANDARD = "gnu++20";
				CLANG_ENABLE_MODULES = YES;
				CLANG_ENABLE_OBJC_ARC = YES;
				CLANG_ENABLE_OBJC_WEAK = YES;
				CLANG_WARN_BLOCK_CAPTURE_AUTORELEASING = YES;
				CLANG_WARN_BOOL_CONVERSION = YES;
				CLANG_WARN_COMMA = YES;
				CLANG_WARN_CONSTANT_CONVERSION = YES;
				CLANG_WARN_DEPRECATED_OBJC_IMPLEMENTATIONS = YES;
				CLANG_WARN_DIRECT_OBJC_ISA_USAGE = YES_ERROR;
				CLANG_WARN_DOCUMENTATION_COMMENTS = YES;
				CLANG_WARN_EMPTY_BODY = YES;
				CLANG_WARN_ENUM_CONVERSION = YES;
				CLANG_WARN_INFINITE_RECURSION = YES;
				CLANG_WARN_INT_CONVERSION = YES;
				CLANG_WARN_NON_LITERAL_NULL_CONVERSION = YES;
				CLANG_WARN_OBJC_IMPLICIT_RETAIN_SELF = YES;
				CLANG_WARN_OBJC_LITERAL_CONVERSION = YES;
				CLANG_WARN_OBJC_ROOT_CLASS = YES_ERROR;
				CLANG_WARN_QUOTED_INCLUDE_IN_FRAMEWORK_HEADER = YES;
				CLANG_WARN_RANGE_LOOP_ANALYSIS = YES;
				CLANG_WARN_STRICT_PROTOTYPES = YES;
				CLANG_WARN_SUSPICIOUS_MOVE = YES;
				CLANG_WARN_UNGUARDED_AVAILABILITY = YES_AGGRESSIVE;
				CLANG_WARN_UNREACHABLE_CODE = YES;
				CLANG_WARN__DUPLICATE_METHOD_MATCH = YES;
				COPY_PHASE_STRIP = NO;
				DEBUG_INFORMATION_FORMAT = "dwarf-with-dsym";
				ENABLE_NS_ASSERTIONS = NO;
				ENABLE_STRICT_OBJC_MSGSEND = YES;
				GCC_C_LANGUAGE_STANDARD = gnu11;
				GCC_NO_COMMON_BLOCKS = YES;
				GCC_WARN_64_TO_32_BIT_CONVERSION = YES;
				GCC_WARN_ABOUT_RETURN_TYPE = YES_ERROR;
				GCC_WARN_UNDECLARED_SELECTOR = YES;
				GCC_WARN_UNINITIALIZED_AUTOS = YES_AGGRESSIVE;
				GCC_WARN_UNUSED_FUNCTION = YES;
				GCC_WARN_UNUSED_VARIABLE = YES;
				IPHONEOS_DEPLOYMENT_TARGET = 16.2;
				MTL_ENABLE_DEBUG_INFO = NO;
				MTL_FAST_MATH = YES;
				SDKROOT = iphoneos;
				SWIFT_COMPILATION_MODE = wholemodule;
				SWIFT_OPTIMIZATION_LEVEL = "-O";
				VALIDATE_PRODUCT = YES;
			};
			name = Release;
		};
		3A563CDA29CAA98200A5888A /* Debug */ = {
			isa = XCBuildConfiguration;
			buildSettings = {
				ASSETCATALOG_COMPILER_APPICON_NAME = AppIcon;
				ASSETCATALOG_COMPILER_GLOBAL_ACCENT_COLOR_NAME = AccentColor;
				CODE_SIGN_STYLE = Automatic;
				CURRENT_PROJECT_VERSION = 1;
				GENERATE_INFOPLIST_FILE = YES;
				INFOPLIST_FILE = MarvelApp/Info.plist;
				INFOPLIST_KEY_UIApplicationSupportsIndirectInputEvents = YES;
				INFOPLIST_KEY_UILaunchStoryboardName = LaunchScreen;
				INFOPLIST_KEY_UISupportedInterfaceOrientations_iPad = "UIInterfaceOrientationPortrait UIInterfaceOrientationPortraitUpsideDown UIInterfaceOrientationLandscapeLeft UIInterfaceOrientationLandscapeRight";
				INFOPLIST_KEY_UISupportedInterfaceOrientations_iPhone = "UIInterfaceOrientationPortrait UIInterfaceOrientationLandscapeLeft UIInterfaceOrientationLandscapeRight";
				IPHONEOS_DEPLOYMENT_TARGET = 13.0;
				LD_RUNPATH_SEARCH_PATHS = (
					"$(inherited)",
					"@executable_path/Frameworks",
				);
				MARKETING_VERSION = 1.0;
				PRODUCT_BUNDLE_IDENTIFIER = com.dev.lucashubert.MarvelApp;
				PRODUCT_NAME = "$(TARGET_NAME)";
				SWIFT_EMIT_LOC_STRINGS = YES;
				SWIFT_VERSION = 5.0;
				TARGETED_DEVICE_FAMILY = "1,2";
			};
			name = Debug;
		};
		3A563CDB29CAA98200A5888A /* Release */ = {
			isa = XCBuildConfiguration;
			buildSettings = {
				ASSETCATALOG_COMPILER_APPICON_NAME = AppIcon;
				ASSETCATALOG_COMPILER_GLOBAL_ACCENT_COLOR_NAME = AccentColor;
				CODE_SIGN_STYLE = Automatic;
				CURRENT_PROJECT_VERSION = 1;
				GENERATE_INFOPLIST_FILE = YES;
				INFOPLIST_FILE = MarvelApp/Info.plist;
				INFOPLIST_KEY_UIApplicationSupportsIndirectInputEvents = YES;
				INFOPLIST_KEY_UILaunchStoryboardName = LaunchScreen;
				INFOPLIST_KEY_UISupportedInterfaceOrientations_iPad = "UIInterfaceOrientationPortrait UIInterfaceOrientationPortraitUpsideDown UIInterfaceOrientationLandscapeLeft UIInterfaceOrientationLandscapeRight";
				INFOPLIST_KEY_UISupportedInterfaceOrientations_iPhone = "UIInterfaceOrientationPortrait UIInterfaceOrientationLandscapeLeft UIInterfaceOrientationLandscapeRight";
				IPHONEOS_DEPLOYMENT_TARGET = 13.0;
				LD_RUNPATH_SEARCH_PATHS = (
					"$(inherited)",
					"@executable_path/Frameworks",
				);
				MARKETING_VERSION = 1.0;
				PRODUCT_BUNDLE_IDENTIFIER = com.dev.lucashubert.MarvelApp;
				PRODUCT_NAME = "$(TARGET_NAME)";
				SWIFT_EMIT_LOC_STRINGS = YES;
				SWIFT_VERSION = 5.0;
				TARGETED_DEVICE_FAMILY = "1,2";
			};
			name = Release;
		};
		3A563CDD29CAA98200A5888A /* Debug */ = {
			isa = XCBuildConfiguration;
			buildSettings = {
				ALWAYS_EMBED_SWIFT_STANDARD_LIBRARIES = YES;
				BUNDLE_LOADER = "$(TEST_HOST)";
				CODE_SIGN_STYLE = Automatic;
				CURRENT_PROJECT_VERSION = 1;
				GENERATE_INFOPLIST_FILE = YES;
				IPHONEOS_DEPLOYMENT_TARGET = 16.2;
				MARKETING_VERSION = 1.0;
				PRODUCT_BUNDLE_IDENTIFIER = com.dev.lucashubert.MarvelAppTests;
				PRODUCT_NAME = "$(TARGET_NAME)";
				SWIFT_EMIT_LOC_STRINGS = NO;
				SWIFT_VERSION = 5.0;
				TARGETED_DEVICE_FAMILY = "1,2";
				TEST_HOST = "$(BUILT_PRODUCTS_DIR)/MarvelApp.app/$(BUNDLE_EXECUTABLE_FOLDER_PATH)/MarvelApp";
			};
			name = Debug;
		};
		3A563CDE29CAA98200A5888A /* Release */ = {
			isa = XCBuildConfiguration;
			buildSettings = {
				ALWAYS_EMBED_SWIFT_STANDARD_LIBRARIES = YES;
				BUNDLE_LOADER = "$(TEST_HOST)";
				CODE_SIGN_STYLE = Automatic;
				CURRENT_PROJECT_VERSION = 1;
				GENERATE_INFOPLIST_FILE = YES;
				IPHONEOS_DEPLOYMENT_TARGET = 16.2;
				MARKETING_VERSION = 1.0;
				PRODUCT_BUNDLE_IDENTIFIER = com.dev.lucashubert.MarvelAppTests;
				PRODUCT_NAME = "$(TARGET_NAME)";
				SWIFT_EMIT_LOC_STRINGS = NO;
				SWIFT_VERSION = 5.0;
				TARGETED_DEVICE_FAMILY = "1,2";
				TEST_HOST = "$(BUILT_PRODUCTS_DIR)/MarvelApp.app/$(BUNDLE_EXECUTABLE_FOLDER_PATH)/MarvelApp";
			};
			name = Release;
		};
		3A563CE029CAA98200A5888A /* Debug */ = {
			isa = XCBuildConfiguration;
			buildSettings = {
				ALWAYS_EMBED_SWIFT_STANDARD_LIBRARIES = YES;
				CODE_SIGN_STYLE = Automatic;
				CURRENT_PROJECT_VERSION = 1;
				GENERATE_INFOPLIST_FILE = YES;
				MARKETING_VERSION = 1.0;
				PRODUCT_BUNDLE_IDENTIFIER = com.dev.lucashubert.MarvelAppUITests;
				PRODUCT_NAME = "$(TARGET_NAME)";
				SWIFT_EMIT_LOC_STRINGS = NO;
				SWIFT_VERSION = 5.0;
				TARGETED_DEVICE_FAMILY = "1,2";
				TEST_TARGET_NAME = MarvelApp;
			};
			name = Debug;
		};
		3A563CE129CAA98200A5888A /* Release */ = {
			isa = XCBuildConfiguration;
			buildSettings = {
				ALWAYS_EMBED_SWIFT_STANDARD_LIBRARIES = YES;
				CODE_SIGN_STYLE = Automatic;
				CURRENT_PROJECT_VERSION = 1;
				GENERATE_INFOPLIST_FILE = YES;
				MARKETING_VERSION = 1.0;
				PRODUCT_BUNDLE_IDENTIFIER = com.dev.lucashubert.MarvelAppUITests;
				PRODUCT_NAME = "$(TARGET_NAME)";
				SWIFT_EMIT_LOC_STRINGS = NO;
				SWIFT_VERSION = 5.0;
				TARGETED_DEVICE_FAMILY = "1,2";
				TEST_TARGET_NAME = MarvelApp;
			};
			name = Release;
		};
/* End XCBuildConfiguration section */

/* Begin XCConfigurationList section */
		3A563CAA29CAA97300A5888A /* Build configuration list for PBXProject "MarvelApp" */ = {
			isa = XCConfigurationList;
			buildConfigurations = (
				3A563CD729CAA98200A5888A /* Debug */,
				3A563CD829CAA98200A5888A /* Release */,
			);
			defaultConfigurationIsVisible = 0;
			defaultConfigurationName = Release;
		};
		3A563CD929CAA98200A5888A /* Build configuration list for PBXNativeTarget "MarvelApp" */ = {
			isa = XCConfigurationList;
			buildConfigurations = (
				3A563CDA29CAA98200A5888A /* Debug */,
				3A563CDB29CAA98200A5888A /* Release */,
			);
			defaultConfigurationIsVisible = 0;
			defaultConfigurationName = Release;
		};
		3A563CDC29CAA98200A5888A /* Build configuration list for PBXNativeTarget "MarvelAppTests" */ = {
			isa = XCConfigurationList;
			buildConfigurations = (
				3A563CDD29CAA98200A5888A /* Debug */,
				3A563CDE29CAA98200A5888A /* Release */,
			);
			defaultConfigurationIsVisible = 0;
			defaultConfigurationName = Release;
		};
		3A563CDF29CAA98200A5888A /* Build configuration list for PBXNativeTarget "MarvelAppUITests" */ = {
			isa = XCConfigurationList;
			buildConfigurations = (
				3A563CE029CAA98200A5888A /* Debug */,
				3A563CE129CAA98200A5888A /* Release */,
			);
			defaultConfigurationIsVisible = 0;
			defaultConfigurationName = Release;
		};
/* End XCConfigurationList section */
	};
	rootObject = 3A563CA729CAA97300A5888A /* Project object */;
}
